
Microsoft Visual Studio Solution File, Format Version 12.00
# Visual Studio Version 17
VisualStudioVersion = 17.7.34202.233
MinimumVisualStudioVersion = 10.0.40219.1
Project("{FAE04EC0-301F-11D3-BF4B-00C04F79EFBC}") = "test_fullStack", "test_fullStack\test_fullStack.csproj", "{9F5EFFC3-5AED-40A2-BB33-824F34708F08}"
EndProject
Global
	GlobalSection(SolutionConfigurationPlatforms) = preSolution
		Debug|Any CPU = Debug|Any CPU
		Release|Any CPU = Release|Any CPU
	EndGlobalSection
	GlobalSection(ProjectConfigurationPlatforms) = postSolution
		{9F5EFFC3-5AED-40A2-BB33-824F34708F08}.Debug|Any CPU.ActiveCfg = Debug|Any CPU
		{9F5EFFC3-5AED-40A2-BB33-824F34708F08}.Debug|Any CPU.Build.0 = Debug|Any CPU
		{9F5EFFC3-5AED-40A2-BB33-824F34708F08}.Release|Any CPU.ActiveCfg = Release|Any CPU
		{9F5EFFC3-5AED-40A2-BB33-824F34708F08}.Release|Any CPU.Build.0 = Release|Any CPU
	EndGlobalSection
	GlobalSection(SolutionProperties) = preSolution
		HideSolutionNode = FALSE
	EndGlobalSection
	GlobalSection(ExtensibilityGlobals) = postSolution
		SolutionGuid = {109AD2C4-1EA3-43D0-A964-B7CCFC846816}
	EndGlobalSection
EndGlobal
